
Microsoft Visual Studio Solution File, Format Version 12.00
# Visual Studio Version 17
VisualStudioVersion = 17.11.35303.130
MinimumVisualStudioVersion = 10.0.40219.1
Project("{FAE04EC0-301F-11D3-BF4B-00C04F79EFBC}") = "TP FINAL PREGUNTDOS", "TP FINAL PREGUNTDOS.csproj", "{429AC25A-F70F-48D9-AE82-17881E115374}"
EndProject
Global
	GlobalSection(SolutionConfigurationPlatforms) = preSolution
		Debug|Any CPU = Debug|Any CPU
		Release|Any CPU = Release|Any CPU
	EndGlobalSection
	GlobalSection(ProjectConfigurationPlatforms) = postSolution
		{429AC25A-F70F-48D9-AE82-17881E115374}.Debug|Any CPU.ActiveCfg = Debug|Any CPU
		{429AC25A-F70F-48D9-AE82-17881E115374}.Debug|Any CPU.Build.0 = Debug|Any CPU
		{429AC25A-F70F-48D9-AE82-17881E115374}.Release|Any CPU.ActiveCfg = Release|Any CPU
		{429AC25A-F70F-48D9-AE82-17881E115374}.Release|Any CPU.Build.0 = Release|Any CPU
	EndGlobalSection
	GlobalSection(SolutionProperties) = preSolution
		HideSolutionNode = FALSE
	EndGlobalSection
	GlobalSection(ExtensibilityGlobals) = postSolution
		SolutionGuid = {C9FE508D-77B7-4740-B0F7-12853ADC738F}
	EndGlobalSection
EndGlobal
